// !$*UTF8*$!
{
	archiveVersion = 1;
	classes = {
	};
	objectVersion = 48;
	objects = {

/* Begin PBXBuildFile section */
		3574F2DE40446DC1055A4B17 /* Pods_NovitaTests.framework in Frameworks */ = {isa = PBXBuildFile; fileRef = 3978F9475767A4779184B446 /* Pods_NovitaTests.framework */; };
		4FD53ED749DFD966D5ECB962 /* Pods_NovitaUITests.framework in Frameworks */ = {isa = PBXBuildFile; fileRef = 6D4D969EE060BD3D8BD4266B /* Pods_NovitaUITests.framework */; };
		D31395ED1FB6F38A009D5E8F /* ArticleViewController.xib in Resources */ = {isa = PBXBuildFile; fileRef = D31395EC1FB6F38A009D5E8F /* ArticleViewController.xib */; };
		D31AF4801FC1A9D2009E9021 /* APIKit+Rx.swift in Sources */ = {isa = PBXBuildFile; fileRef = D31AF47F1FC1A9D2009E9021 /* APIKit+Rx.swift */; };
		D39B75AE1FBC8EB300EF06EE /* ArticleViewReactor.swift in Sources */ = {isa = PBXBuildFile; fileRef = D39B75AD1FBC8EB300EF06EE /* ArticleViewReactor.swift */; };
		D39B75B01FBC916600EF06EE /* BaseViewController.swift in Sources */ = {isa = PBXBuildFile; fileRef = D39B75AF1FBC916600EF06EE /* BaseViewController.swift */; };
		D3E41B741FB6CC94008534BF /* AppDelegate.swift in Sources */ = {isa = PBXBuildFile; fileRef = D3E41B731FB6CC94008534BF /* AppDelegate.swift */; };
		D3E41B7B1FB6CC94008534BF /* Assets.xcassets in Resources */ = {isa = PBXBuildFile; fileRef = D3E41B7A1FB6CC94008534BF /* Assets.xcassets */; };
		D3E41B7E1FB6CC94008534BF /* LaunchScreen.storyboard in Resources */ = {isa = PBXBuildFile; fileRef = D3E41B7C1FB6CC94008534BF /* LaunchScreen.storyboard */; };
		D3E41B891FB6CC94008534BF /* NovitaTests.swift in Sources */ = {isa = PBXBuildFile; fileRef = D3E41B881FB6CC94008534BF /* NovitaTests.swift */; };
		D3E41B941FB6CC94008534BF /* NovitaUITests.swift in Sources */ = {isa = PBXBuildFile; fileRef = D3E41B931FB6CC94008534BF /* NovitaUITests.swift */; };
		D3E41BAF1FB6D738008534BF /* ArticlesViewController.swift in Sources */ = {isa = PBXBuildFile; fileRef = D3E41BAE1FB6D738008534BF /* ArticlesViewController.swift */; };
		D3E41BB31FB6D751008534BF /* ArticleViewController.swift in Sources */ = {isa = PBXBuildFile; fileRef = D3E41BB21FB6D751008534BF /* ArticleViewController.swift */; };
		D3E41BB51FB6D75E008534BF /* ArticleViewModel.swift in Sources */ = {isa = PBXBuildFile; fileRef = D3E41BB41FB6D75E008534BF /* ArticleViewModel.swift */; };
		D3E41BBE1FB6DCDB008534BF /* ArticlesViewController.xib in Resources */ = {isa = PBXBuildFile; fileRef = D3E41BBD1FB6DCDB008534BF /* ArticlesViewController.xib */; };
		D3F439A11FC1A30800944953 /* APIKit.framework in Frameworks */ = {isa = PBXBuildFile; fileRef = D3F4399F1FC1A30800944953 /* APIKit.framework */; };
		D3F439A21FC1A30800944953 /* Result.framework in Frameworks */ = {isa = PBXBuildFile; fileRef = D3F439A01FC1A30800944953 /* Result.framework */; };
		F1AB00DEB39890498871F9B1 /* Pods_Novita.framework in Frameworks */ = {isa = PBXBuildFile; fileRef = BCF0BDF07EEF939A7B030A79 /* Pods_Novita.framework */; };
/* End PBXBuildFile section */

/* Begin PBXContainerItemProxy section */
		D3E41B851FB6CC94008534BF /* PBXContainerItemProxy */ = {
			isa = PBXContainerItemProxy;
			containerPortal = D3E41B681FB6CC94008534BF /* Project object */;
			proxyType = 1;
			remoteGlobalIDString = D3E41B6F1FB6CC94008534BF;
			remoteInfo = Novita;
		};
		D3E41B901FB6CC94008534BF /* PBXContainerItemProxy */ = {
			isa = PBXContainerItemProxy;
			containerPortal = D3E41B681FB6CC94008534BF /* Project object */;
			proxyType = 1;
			remoteGlobalIDString = D3E41B6F1FB6CC94008534BF;
			remoteInfo = Novita;
		};
/* End PBXContainerItemProxy section */

/* Begin PBXFileReference section */
		185EA9933841CD2C6055BFD6 /* Pods-NovitaTests.release.xcconfig */ = {isa = PBXFileReference; includeInIndex = 1; lastKnownFileType = text.xcconfig; name = "Pods-NovitaTests.release.xcconfig"; path = "Pods/Target Support Files/Pods-NovitaTests/Pods-NovitaTests.release.xcconfig"; sourceTree = "<group>"; };
		3978F9475767A4779184B446 /* Pods_NovitaTests.framework */ = {isa = PBXFileReference; explicitFileType = wrapper.framework; includeInIndex = 0; path = Pods_NovitaTests.framework; sourceTree = BUILT_PRODUCTS_DIR; };
		6D4D969EE060BD3D8BD4266B /* Pods_NovitaUITests.framework */ = {isa = PBXFileReference; explicitFileType = wrapper.framework; includeInIndex = 0; path = Pods_NovitaUITests.framework; sourceTree = BUILT_PRODUCTS_DIR; };
		7649D94E192639C8D0D8EA4E /* Pods-Novita.debug.xcconfig */ = {isa = PBXFileReference; includeInIndex = 1; lastKnownFileType = text.xcconfig; name = "Pods-Novita.debug.xcconfig"; path = "Pods/Target Support Files/Pods-Novita/Pods-Novita.debug.xcconfig"; sourceTree = "<group>"; };
		7D5B9EECA08A6CBDE6D64AF5 /* Pods-NovitaUITests.debug.xcconfig */ = {isa = PBXFileReference; includeInIndex = 1; lastKnownFileType = text.xcconfig; name = "Pods-NovitaUITests.debug.xcconfig"; path = "Pods/Target Support Files/Pods-NovitaUITests/Pods-NovitaUITests.debug.xcconfig"; sourceTree = "<group>"; };
		831E5E831DAE4D4DD297AEBE /* Pods-Novita.release.xcconfig */ = {isa = PBXFileReference; includeInIndex = 1; lastKnownFileType = text.xcconfig; name = "Pods-Novita.release.xcconfig"; path = "Pods/Target Support Files/Pods-Novita/Pods-Novita.release.xcconfig"; sourceTree = "<group>"; };
		ADAFC399BD074A94C05A4668 /* Pods-NovitaUITests.release.xcconfig */ = {isa = PBXFileReference; includeInIndex = 1; lastKnownFileType = text.xcconfig; name = "Pods-NovitaUITests.release.xcconfig"; path = "Pods/Target Support Files/Pods-NovitaUITests/Pods-NovitaUITests.release.xcconfig"; sourceTree = "<group>"; };
		BBC7961852BDAF59AE872B71 /* Pods-NovitaTests.debug.xcconfig */ = {isa = PBXFileReference; includeInIndex = 1; lastKnownFileType = text.xcconfig; name = "Pods-NovitaTests.debug.xcconfig"; path = "Pods/Target Support Files/Pods-NovitaTests/Pods-NovitaTests.debug.xcconfig"; sourceTree = "<group>"; };
		BCF0BDF07EEF939A7B030A79 /* Pods_Novita.framework */ = {isa = PBXFileReference; explicitFileType = wrapper.framework; includeInIndex = 0; path = Pods_Novita.framework; sourceTree = BUILT_PRODUCTS_DIR; };
		D31395EC1FB6F38A009D5E8F /* ArticleViewController.xib */ = {isa = PBXFileReference; lastKnownFileType = file.xib; path = ArticleViewController.xib; sourceTree = "<group>"; };
		D31395FD1FBB3064009D5E8F /* ReactorKitRuntime.framework */ = {isa = PBXFileReference; lastKnownFileType = wrapper.framework; name = ReactorKitRuntime.framework; path = Carthage/Build/iOS/ReactorKitRuntime.framework; sourceTree = "<group>"; };
		D31AF47F1FC1A9D2009E9021 /* APIKit+Rx.swift */ = {isa = PBXFileReference; lastKnownFileType = sourcecode.swift; path = "APIKit+Rx.swift"; sourceTree = "<group>"; };
		D39B75AD1FBC8EB300EF06EE /* ArticleViewReactor.swift */ = {isa = PBXFileReference; lastKnownFileType = sourcecode.swift; path = ArticleViewReactor.swift; sourceTree = "<group>"; };
		D39B75AF1FBC916600EF06EE /* BaseViewController.swift */ = {isa = PBXFileReference; lastKnownFileType = sourcecode.swift; path = BaseViewController.swift; sourceTree = "<group>"; };
		D3E41B701FB6CC94008534BF /* Novita.app */ = {isa = PBXFileReference; explicitFileType = wrapper.application; includeInIndex = 0; path = Novita.app; sourceTree = BUILT_PRODUCTS_DIR; };
		D3E41B731FB6CC94008534BF /* AppDelegate.swift */ = {isa = PBXFileReference; lastKnownFileType = sourcecode.swift; path = AppDelegate.swift; sourceTree = "<group>"; };
		D3E41B7A1FB6CC94008534BF /* Assets.xcassets */ = {isa = PBXFileReference; lastKnownFileType = folder.assetcatalog; path = Assets.xcassets; sourceTree = "<group>"; };
		D3E41B7D1FB6CC94008534BF /* Base */ = {isa = PBXFileReference; lastKnownFileType = file.storyboard; name = Base; path = Base.lproj/LaunchScreen.storyboard; sourceTree = "<group>"; };
		D3E41B7F1FB6CC94008534BF /* Info.plist */ = {isa = PBXFileReference; lastKnownFileType = text.plist.xml; path = Info.plist; sourceTree = "<group>"; };
		D3E41B841FB6CC94008534BF /* NovitaTests.xctest */ = {isa = PBXFileReference; explicitFileType = wrapper.cfbundle; includeInIndex = 0; path = NovitaTests.xctest; sourceTree = BUILT_PRODUCTS_DIR; };
		D3E41B881FB6CC94008534BF /* NovitaTests.swift */ = {isa = PBXFileReference; lastKnownFileType = sourcecode.swift; path = NovitaTests.swift; sourceTree = "<group>"; };
		D3E41B8A1FB6CC94008534BF /* Info.plist */ = {isa = PBXFileReference; lastKnownFileType = text.plist.xml; path = Info.plist; sourceTree = "<group>"; };
		D3E41B8F1FB6CC94008534BF /* NovitaUITests.xctest */ = {isa = PBXFileReference; explicitFileType = wrapper.cfbundle; includeInIndex = 0; path = NovitaUITests.xctest; sourceTree = BUILT_PRODUCTS_DIR; };
		D3E41B931FB6CC94008534BF /* NovitaUITests.swift */ = {isa = PBXFileReference; lastKnownFileType = sourcecode.swift; path = NovitaUITests.swift; sourceTree = "<group>"; };
		D3E41B951FB6CC94008534BF /* Info.plist */ = {isa = PBXFileReference; lastKnownFileType = text.plist.xml; path = Info.plist; sourceTree = "<group>"; };
		D3E41BA21FB6CE6B008534BF /* Nimble.framework */ = {isa = PBXFileReference; lastKnownFileType = wrapper.framework; name = Nimble.framework; path = Carthage/Build/iOS/Nimble.framework; sourceTree = "<group>"; };
		D3E41BA31FB6CE6B008534BF /* RxCocoa.framework */ = {isa = PBXFileReference; lastKnownFileType = wrapper.framework; name = RxCocoa.framework; path = Carthage/Build/iOS/RxCocoa.framework; sourceTree = "<group>"; };
		D3E41BA41FB6CE6B008534BF /* Quick.framework */ = {isa = PBXFileReference; lastKnownFileType = wrapper.framework; name = Quick.framework; path = Carthage/Build/iOS/Quick.framework; sourceTree = "<group>"; };
		D3E41BA51FB6CE6B008534BF /* RxSwift.framework */ = {isa = PBXFileReference; lastKnownFileType = wrapper.framework; name = RxSwift.framework; path = Carthage/Build/iOS/RxSwift.framework; sourceTree = "<group>"; };
		D3E41BAE1FB6D738008534BF /* ArticlesViewController.swift */ = {isa = PBXFileReference; lastKnownFileType = sourcecode.swift; path = ArticlesViewController.swift; sourceTree = "<group>"; };
		D3E41BB21FB6D751008534BF /* ArticleViewController.swift */ = {isa = PBXFileReference; lastKnownFileType = sourcecode.swift; path = ArticleViewController.swift; sourceTree = "<group>"; };
		D3E41BB41FB6D75E008534BF /* ArticleViewModel.swift */ = {isa = PBXFileReference; lastKnownFileType = sourcecode.swift; path = ArticleViewModel.swift; sourceTree = "<group>"; };
		D3E41BBD1FB6DCDB008534BF /* ArticlesViewController.xib */ = {isa = PBXFileReference; lastKnownFileType = file.xib; path = ArticlesViewController.xib; sourceTree = "<group>"; };
		D3F4399F1FC1A30800944953 /* APIKit.framework */ = {isa = PBXFileReference; lastKnownFileType = wrapper.framework; name = APIKit.framework; path = Carthage/Build/iOS/APIKit.framework; sourceTree = "<group>"; };
		D3F439A01FC1A30800944953 /* Result.framework */ = {isa = PBXFileReference; lastKnownFileType = wrapper.framework; name = Result.framework; path = Carthage/Build/iOS/Result.framework; sourceTree = "<group>"; };
/* End PBXFileReference section */

/* Begin PBXFrameworksBuildPhase section */
		D3E41B6D1FB6CC94008534BF /* Frameworks */ = {
			isa = PBXFrameworksBuildPhase;
			buildActionMask = 2147483647;
			files = (
				D3F439A11FC1A30800944953 /* APIKit.framework in Frameworks */,
				D3F439A21FC1A30800944953 /* Result.framework in Frameworks */,
				F1AB00DEB39890498871F9B1 /* Pods_Novita.framework in Frameworks */,
			);
			runOnlyForDeploymentPostprocessing = 0;
		};
		D3E41B811FB6CC94008534BF /* Frameworks */ = {
			isa = PBXFrameworksBuildPhase;
			buildActionMask = 2147483647;
			files = (
				3574F2DE40446DC1055A4B17 /* Pods_NovitaTests.framework in Frameworks */,
			);
			runOnlyForDeploymentPostprocessing = 0;
		};
		D3E41B8C1FB6CC94008534BF /* Frameworks */ = {
			isa = PBXFrameworksBuildPhase;
			buildActionMask = 2147483647;
			files = (
				4FD53ED749DFD966D5ECB962 /* Pods_NovitaUITests.framework in Frameworks */,
			);
			runOnlyForDeploymentPostprocessing = 0;
		};
/* End PBXFrameworksBuildPhase section */

/* Begin PBXGroup section */
		2BA1CA2A6399FB2C2F994C85 /* Pods */ = {
			isa = PBXGroup;
			children = (
				7649D94E192639C8D0D8EA4E /* Pods-Novita.debug.xcconfig */,
				831E5E831DAE4D4DD297AEBE /* Pods-Novita.release.xcconfig */,
				BBC7961852BDAF59AE872B71 /* Pods-NovitaTests.debug.xcconfig */,
				185EA9933841CD2C6055BFD6 /* Pods-NovitaTests.release.xcconfig */,
				7D5B9EECA08A6CBDE6D64AF5 /* Pods-NovitaUITests.debug.xcconfig */,
				ADAFC399BD074A94C05A4668 /* Pods-NovitaUITests.release.xcconfig */,
			);
			name = Pods;
			sourceTree = "<group>";
		};
		D31AF47E1FC1A994009E9021 /* Rx */ = {
			isa = PBXGroup;
			children = (
				D31AF47F1FC1A9D2009E9021 /* APIKit+Rx.swift */,
			);
			path = Rx;
			sourceTree = "<group>";
		};
		D3E41B671FB6CC94008534BF = {
			isa = PBXGroup;
			children = (
				D3E41B721FB6CC94008534BF /* Novita */,
				D3E41B871FB6CC94008534BF /* NovitaTests */,
				D3E41B921FB6CC94008534BF /* NovitaUITests */,
				D3E41B711FB6CC94008534BF /* Products */,
				D3E41BA11FB6CE6B008534BF /* Frameworks */,
				2BA1CA2A6399FB2C2F994C85 /* Pods */,
			);
			sourceTree = "<group>";
		};
		D3E41B711FB6CC94008534BF /* Products */ = {
			isa = PBXGroup;
			children = (
				D3E41B701FB6CC94008534BF /* Novita.app */,
				D3E41B841FB6CC94008534BF /* NovitaTests.xctest */,
				D3E41B8F1FB6CC94008534BF /* NovitaUITests.xctest */,
			);
			name = Products;
			sourceTree = "<group>";
		};
		D3E41B721FB6CC94008534BF /* Novita */ = {
			isa = PBXGroup;
			children = (
				D3E41BB71FB6D853008534BF /* Resource */,
				D3E41BB61FB6D769008534BF /* Model */,
				D3E41BAB1FB6D6F8008534BF /* UI */,
				D31AF47E1FC1A994009E9021 /* Rx */,
			);
			path = Novita;
			sourceTree = "<group>";
		};
		D3E41B871FB6CC94008534BF /* NovitaTests */ = {
			isa = PBXGroup;
			children = (
				D3E41B881FB6CC94008534BF /* NovitaTests.swift */,
				D3E41B8A1FB6CC94008534BF /* Info.plist */,
			);
			path = NovitaTests;
			sourceTree = "<group>";
		};
		D3E41B921FB6CC94008534BF /* NovitaUITests */ = {
			isa = PBXGroup;
			children = (
				D3E41B931FB6CC94008534BF /* NovitaUITests.swift */,
				D3E41B951FB6CC94008534BF /* Info.plist */,
			);
			path = NovitaUITests;
			sourceTree = "<group>";
		};
		D3E41BA11FB6CE6B008534BF /* Frameworks */ = {
			isa = PBXGroup;
			children = (
				D3F4399F1FC1A30800944953 /* APIKit.framework */,
				D3F439A01FC1A30800944953 /* Result.framework */,
				D31395FD1FBB3064009D5E8F /* ReactorKitRuntime.framework */,
				D3E41BA21FB6CE6B008534BF /* Nimble.framework */,
				D3E41BA41FB6CE6B008534BF /* Quick.framework */,
				D3E41BA31FB6CE6B008534BF /* RxCocoa.framework */,
				D3E41BA51FB6CE6B008534BF /* RxSwift.framework */,
				BCF0BDF07EEF939A7B030A79 /* Pods_Novita.framework */,
				3978F9475767A4779184B446 /* Pods_NovitaTests.framework */,
				6D4D969EE060BD3D8BD4266B /* Pods_NovitaUITests.framework */,
			);
			name = Frameworks;
			sourceTree = "<group>";
		};
		D3E41BAB1FB6D6F8008534BF /* UI */ = {
			isa = PBXGroup;
			children = (
				D39B75AF1FBC916600EF06EE /* BaseViewController.swift */,
				D3E41BAC1FB6D701008534BF /* Articles */,
				D3E41BAD1FB6D71F008534BF /* Article */,
			);
			path = UI;
			sourceTree = "<group>";
		};
		D3E41BAC1FB6D701008534BF /* Articles */ = {
			isa = PBXGroup;
			children = (
				D3E41BAE1FB6D738008534BF /* ArticlesViewController.swift */,
				D39B75AD1FBC8EB300EF06EE /* ArticleViewReactor.swift */,
				D3E41BBD1FB6DCDB008534BF /* ArticlesViewController.xib */,
			);
			path = Articles;
			sourceTree = "<group>";
		};
		D3E41BAD1FB6D71F008534BF /* Article */ = {
			isa = PBXGroup;
			children = (
				D3E41BB21FB6D751008534BF /* ArticleViewController.swift */,
				D3E41BB41FB6D75E008534BF /* ArticleViewModel.swift */,
				D31395EC1FB6F38A009D5E8F /* ArticleViewController.xib */,
			);
			path = Article;
			sourceTree = "<group>";
		};
		D3E41BB61FB6D769008534BF /* Model */ = {
			isa = PBXGroup;
			children = (
			);
			path = Model;
			sourceTree = "<group>";
		};
		D3E41BB71FB6D853008534BF /* Resource */ = {
			isa = PBXGroup;
			children = (
				D3E41B731FB6CC94008534BF /* AppDelegate.swift */,
				D3E41B7A1FB6CC94008534BF /* Assets.xcassets */,
				D3E41B7C1FB6CC94008534BF /* LaunchScreen.storyboard */,
				D3E41B7F1FB6CC94008534BF /* Info.plist */,
			);
			path = Resource;
			sourceTree = "<group>";
		};
/* End PBXGroup section */

/* Begin PBXNativeTarget section */
		D3E41B6F1FB6CC94008534BF /* Novita */ = {
			isa = PBXNativeTarget;
			buildConfigurationList = D3E41B981FB6CC94008534BF /* Build configuration list for PBXNativeTarget "Novita" */;
			buildPhases = (
				A41A2FC4D6956069E35B32A0 /* [CP] Check Pods Manifest.lock */,
				D3E41B6C1FB6CC94008534BF /* Sources */,
				D3E41B6D1FB6CC94008534BF /* Frameworks */,
				D3E41B6E1FB6CC94008534BF /* Resources */,
				AC107966D8A49894D3C6D3B9 /* [CP] Embed Pods Frameworks */,
				695BD2CC6A1E188F4A74A8B8 /* [CP] Copy Pods Resources */,
				D3F439A41FC1A31C00944953 /* ShellScript */,
			);
			buildRules = (
			);
			dependencies = (
			);
			name = Novita;
			productName = Novita;
			productReference = D3E41B701FB6CC94008534BF /* Novita.app */;
			productType = "com.apple.product-type.application";
		};
		D3E41B831FB6CC94008534BF /* NovitaTests */ = {
			isa = PBXNativeTarget;
			buildConfigurationList = D3E41B9B1FB6CC94008534BF /* Build configuration list for PBXNativeTarget "NovitaTests" */;
			buildPhases = (
				3D40F9369457B0331D3FF108 /* [CP] Check Pods Manifest.lock */,
				D3E41B801FB6CC94008534BF /* Sources */,
				D3E41B811FB6CC94008534BF /* Frameworks */,
				D3E41B821FB6CC94008534BF /* Resources */,
				BDEB783FA6DD0D3B77B8B808 /* [CP] Embed Pods Frameworks */,
				16144D1B9C53C39A4C6494F7 /* [CP] Copy Pods Resources */,
			);
			buildRules = (
			);
			dependencies = (
				D3E41B861FB6CC94008534BF /* PBXTargetDependency */,
			);
			name = NovitaTests;
			productName = NovitaTests;
			productReference = D3E41B841FB6CC94008534BF /* NovitaTests.xctest */;
			productType = "com.apple.product-type.bundle.unit-test";
		};
		D3E41B8E1FB6CC94008534BF /* NovitaUITests */ = {
			isa = PBXNativeTarget;
			buildConfigurationList = D3E41B9E1FB6CC94008534BF /* Build configuration list for PBXNativeTarget "NovitaUITests" */;
			buildPhases = (
				EB6114DA2681410073F7E8FF /* [CP] Check Pods Manifest.lock */,
				D3E41B8B1FB6CC94008534BF /* Sources */,
				D3E41B8C1FB6CC94008534BF /* Frameworks */,
				D3E41B8D1FB6CC94008534BF /* Resources */,
				87D5344B9C7E467B4CD73C29 /* [CP] Embed Pods Frameworks */,
				DFC667284970D731095E88B3 /* [CP] Copy Pods Resources */,
			);
			buildRules = (
			);
			dependencies = (
				D3E41B911FB6CC94008534BF /* PBXTargetDependency */,
			);
			name = NovitaUITests;
			productName = NovitaUITests;
			productReference = D3E41B8F1FB6CC94008534BF /* NovitaUITests.xctest */;
			productType = "com.apple.product-type.bundle.ui-testing";
		};
/* End PBXNativeTarget section */

/* Begin PBXProject section */
		D3E41B681FB6CC94008534BF /* Project object */ = {
			isa = PBXProject;
			attributes = {
				LastSwiftUpdateCheck = 0910;
				LastUpgradeCheck = 0910;
				ORGANIZATIONNAME = "Masahiko Sato";
				TargetAttributes = {
					D3E41B6F1FB6CC94008534BF = {
						CreatedOnToolsVersion = 9.1;
						ProvisioningStyle = Automatic;
					};
					D3E41B831FB6CC94008534BF = {
						CreatedOnToolsVersion = 9.1;
						ProvisioningStyle = Automatic;
						TestTargetID = D3E41B6F1FB6CC94008534BF;
					};
					D3E41B8E1FB6CC94008534BF = {
						CreatedOnToolsVersion = 9.1;
						ProvisioningStyle = Automatic;
						TestTargetID = D3E41B6F1FB6CC94008534BF;
					};
				};
			};
			buildConfigurationList = D3E41B6B1FB6CC94008534BF /* Build configuration list for PBXProject "Novita" */;
			compatibilityVersion = "Xcode 8.0";
			developmentRegion = en;
			hasScannedForEncodings = 0;
			knownRegions = (
				en,
				Base,
			);
			mainGroup = D3E41B671FB6CC94008534BF;
			productRefGroup = D3E41B711FB6CC94008534BF /* Products */;
			projectDirPath = "";
			projectRoot = "";
			targets = (
				D3E41B6F1FB6CC94008534BF /* Novita */,
				D3E41B831FB6CC94008534BF /* NovitaTests */,
				D3E41B8E1FB6CC94008534BF /* NovitaUITests */,
			);
		};
/* End PBXProject section */

/* Begin PBXResourcesBuildPhase section */
		D3E41B6E1FB6CC94008534BF /* Resources */ = {
			isa = PBXResourcesBuildPhase;
			buildActionMask = 2147483647;
			files = (
				D3E41B7E1FB6CC94008534BF /* LaunchScreen.storyboard in Resources */,
				D31395ED1FB6F38A009D5E8F /* ArticleViewController.xib in Resources */,
				D3E41B7B1FB6CC94008534BF /* Assets.xcassets in Resources */,
				D3E41BBE1FB6DCDB008534BF /* ArticlesViewController.xib in Resources */,
			);
			runOnlyForDeploymentPostprocessing = 0;
		};
		D3E41B821FB6CC94008534BF /* Resources */ = {
			isa = PBXResourcesBuildPhase;
			buildActionMask = 2147483647;
			files = (
			);
			runOnlyForDeploymentPostprocessing = 0;
		};
		D3E41B8D1FB6CC94008534BF /* Resources */ = {
			isa = PBXResourcesBuildPhase;
			buildActionMask = 2147483647;
			files = (
			);
			runOnlyForDeploymentPostprocessing = 0;
		};
/* End PBXResourcesBuildPhase section */

/* Begin PBXShellScriptBuildPhase section */
		16144D1B9C53C39A4C6494F7 /* [CP] Copy Pods Resources */ = {
			isa = PBXShellScriptBuildPhase;
			buildActionMask = 2147483647;
			files = (
			);
			inputPaths = (
			);
			name = "[CP] Copy Pods Resources";
			outputPaths = (
			);
			runOnlyForDeploymentPostprocessing = 0;
			shellPath = /bin/sh;
			shellScript = "\"${SRCROOT}/Pods/Target Support Files/Pods-NovitaTests/Pods-NovitaTests-resources.sh\"\n";
			showEnvVarsInLog = 0;
		};
		3D40F9369457B0331D3FF108 /* [CP] Check Pods Manifest.lock */ = {
			isa = PBXShellScriptBuildPhase;
			buildActionMask = 2147483647;
			files = (
			);
			inputPaths = (
				"${PODS_PODFILE_DIR_PATH}/Podfile.lock",
				"${PODS_ROOT}/Manifest.lock",
			);
			name = "[CP] Check Pods Manifest.lock";
			outputPaths = (
				"$(DERIVED_FILE_DIR)/Pods-NovitaTests-checkManifestLockResult.txt",
			);
			runOnlyForDeploymentPostprocessing = 0;
			shellPath = /bin/sh;
			shellScript = "diff \"${PODS_PODFILE_DIR_PATH}/Podfile.lock\" \"${PODS_ROOT}/Manifest.lock\" > /dev/null\nif [ $? != 0 ] ; then\n    # print error to STDERR\n    echo \"error: The sandbox is not in sync with the Podfile.lock. Run 'pod install' or update your CocoaPods installation.\" >&2\n    exit 1\nfi\n# This output is used by Xcode 'outputs' to avoid re-running this script phase.\necho \"SUCCESS\" > \"${SCRIPT_OUTPUT_FILE_0}\"\n";
			showEnvVarsInLog = 0;
		};
		695BD2CC6A1E188F4A74A8B8 /* [CP] Copy Pods Resources */ = {
			isa = PBXShellScriptBuildPhase;
			buildActionMask = 2147483647;
			files = (
			);
			inputPaths = (
			);
			name = "[CP] Copy Pods Resources";
			outputPaths = (
			);
			runOnlyForDeploymentPostprocessing = 0;
			shellPath = /bin/sh;
			shellScript = "\"${SRCROOT}/Pods/Target Support Files/Pods-Novita/Pods-Novita-resources.sh\"\n";
			showEnvVarsInLog = 0;
		};
		87D5344B9C7E467B4CD73C29 /* [CP] Embed Pods Frameworks */ = {
			isa = PBXShellScriptBuildPhase;
			buildActionMask = 2147483647;
			files = (
			);
			inputPaths = (
			);
			name = "[CP] Embed Pods Frameworks";
			outputPaths = (
			);
			runOnlyForDeploymentPostprocessing = 0;
			shellPath = /bin/sh;
			shellScript = "\"${SRCROOT}/Pods/Target Support Files/Pods-NovitaUITests/Pods-NovitaUITests-frameworks.sh\"\n";
			showEnvVarsInLog = 0;
		};
		A41A2FC4D6956069E35B32A0 /* [CP] Check Pods Manifest.lock */ = {
			isa = PBXShellScriptBuildPhase;
			buildActionMask = 2147483647;
			files = (
			);
			inputPaths = (
				"${PODS_PODFILE_DIR_PATH}/Podfile.lock",
				"${PODS_ROOT}/Manifest.lock",
			);
			name = "[CP] Check Pods Manifest.lock";
			outputPaths = (
				"$(DERIVED_FILE_DIR)/Pods-Novita-checkManifestLockResult.txt",
			);
			runOnlyForDeploymentPostprocessing = 0;
			shellPath = /bin/sh;
			shellScript = "diff \"${PODS_PODFILE_DIR_PATH}/Podfile.lock\" \"${PODS_ROOT}/Manifest.lock\" > /dev/null\nif [ $? != 0 ] ; then\n    # print error to STDERR\n    echo \"error: The sandbox is not in sync with the Podfile.lock. Run 'pod install' or update your CocoaPods installation.\" >&2\n    exit 1\nfi\n# This output is used by Xcode 'outputs' to avoid re-running this script phase.\necho \"SUCCESS\" > \"${SCRIPT_OUTPUT_FILE_0}\"\n";
			showEnvVarsInLog = 0;
		};
		AC107966D8A49894D3C6D3B9 /* [CP] Embed Pods Frameworks */ = {
			isa = PBXShellScriptBuildPhase;
			buildActionMask = 2147483647;
			files = (
			);
			inputPaths = (
				"${SRCROOT}/Pods/Target Support Files/Pods-Novita/Pods-Novita-frameworks.sh",
				"${BUILT_PRODUCTS_DIR}/ReactorKit/ReactorKit.framework",
				"${BUILT_PRODUCTS_DIR}/RxCocoa/RxCocoa.framework",
				"${BUILT_PRODUCTS_DIR}/RxSwift/RxSwift.framework",
			);
			name = "[CP] Embed Pods Frameworks";
			outputPaths = (
				"${TARGET_BUILD_DIR}/${FRAMEWORKS_FOLDER_PATH}/ReactorKit.framework",
				"${TARGET_BUILD_DIR}/${FRAMEWORKS_FOLDER_PATH}/RxCocoa.framework",
				"${TARGET_BUILD_DIR}/${FRAMEWORKS_FOLDER_PATH}/RxSwift.framework",
			);
			runOnlyForDeploymentPostprocessing = 0;
			shellPath = /bin/sh;
			shellScript = "\"${SRCROOT}/Pods/Target Support Files/Pods-Novita/Pods-Novita-frameworks.sh\"\n";
			showEnvVarsInLog = 0;
		};
		BDEB783FA6DD0D3B77B8B808 /* [CP] Embed Pods Frameworks */ = {
			isa = PBXShellScriptBuildPhase;
			buildActionMask = 2147483647;
			files = (
			);
			inputPaths = (
			);
			name = "[CP] Embed Pods Frameworks";
			outputPaths = (
			);
			runOnlyForDeploymentPostprocessing = 0;
			shellPath = /bin/sh;
			shellScript = "\"${SRCROOT}/Pods/Target Support Files/Pods-NovitaTests/Pods-NovitaTests-frameworks.sh\"\n";
			showEnvVarsInLog = 0;
		};
		D3F439A41FC1A31C00944953 /* ShellScript */ = {
			isa = PBXShellScriptBuildPhase;
			buildActionMask = 2147483647;
			files = (
			);
			inputPaths = (
				"$(SRCROOT)/Carthage/Build/iOS/APIKit.framework",
				"$(SRCROOT)/Carthage/Build/iOS/Result.framework",
			);
			outputPaths = (
			);
			runOnlyForDeploymentPostprocessing = 0;
			shellPath = /bin/sh;
			shellScript = "/usr/local/bin/carthage copy-frameworks";
		};
		DFC667284970D731095E88B3 /* [CP] Copy Pods Resources */ = {
			isa = PBXShellScriptBuildPhase;
			buildActionMask = 2147483647;
			files = (
			);
			inputPaths = (
			);
			name = "[CP] Copy Pods Resources";
			outputPaths = (
			);
			runOnlyForDeploymentPostprocessing = 0;
			shellPath = /bin/sh;
			shellScript = "\"${SRCROOT}/Pods/Target Support Files/Pods-NovitaUITests/Pods-NovitaUITests-resources.sh\"\n";
			showEnvVarsInLog = 0;
		};
		EB6114DA2681410073F7E8FF /* [CP] Check Pods Manifest.lock */ = {
			isa = PBXShellScriptBuildPhase;
			buildActionMask = 2147483647;
			files = (
			);
			inputPaths = (
				"${PODS_PODFILE_DIR_PATH}/Podfile.lock",
				"${PODS_ROOT}/Manifest.lock",
			);
			name = "[CP] Check Pods Manifest.lock";
			outputPaths = (
				"$(DERIVED_FILE_DIR)/Pods-NovitaUITests-checkManifestLockResult.txt",
			);
			runOnlyForDeploymentPostprocessing = 0;
			shellPath = /bin/sh;
			shellScript = "diff \"${PODS_PODFILE_DIR_PATH}/Podfile.lock\" \"${PODS_ROOT}/Manifest.lock\" > /dev/null\nif [ $? != 0 ] ; then\n    # print error to STDERR\n    echo \"error: The sandbox is not in sync with the Podfile.lock. Run 'pod install' or update your CocoaPods installation.\" >&2\n    exit 1\nfi\n# This output is used by Xcode 'outputs' to avoid re-running this script phase.\necho \"SUCCESS\" > \"${SCRIPT_OUTPUT_FILE_0}\"\n";
			showEnvVarsInLog = 0;
		};
/* End PBXShellScriptBuildPhase section */

/* Begin PBXSourcesBuildPhase section */
		D3E41B6C1FB6CC94008534BF /* Sources */ = {
			isa = PBXSourcesBuildPhase;
			buildActionMask = 2147483647;
			files = (
				D39B75AE1FBC8EB300EF06EE /* ArticleViewReactor.swift in Sources */,
				D3E41BAF1FB6D738008534BF /* ArticlesViewController.swift in Sources */,
				D3E41BB31FB6D751008534BF /* ArticleViewController.swift in Sources */,
				D3E41BB51FB6D75E008534BF /* ArticleViewModel.swift in Sources */,
				D39B75B01FBC916600EF06EE /* BaseViewController.swift in Sources */,
				D3E41B741FB6CC94008534BF /* AppDelegate.swift in Sources */,
				D31AF4801FC1A9D2009E9021 /* APIKit+Rx.swift in Sources */,
			);
			runOnlyForDeploymentPostprocessing = 0;
		};
		D3E41B801FB6CC94008534BF /* Sources */ = {
			isa = PBXSourcesBuildPhase;
			buildActionMask = 2147483647;
			files = (
				D3E41B891FB6CC94008534BF /* NovitaTests.swift in Sources */,
			);
			runOnlyForDeploymentPostprocessing = 0;
		};
		D3E41B8B1FB6CC94008534BF /* Sources */ = {
			isa = PBXSourcesBuildPhase;
			buildActionMask = 2147483647;
			files = (
				D3E41B941FB6CC94008534BF /* NovitaUITests.swift in Sources */,
			);
			runOnlyForDeploymentPostprocessing = 0;
		};
/* End PBXSourcesBuildPhase section */

/* Begin PBXTargetDependency section */
		D3E41B861FB6CC94008534BF /* PBXTargetDependency */ = {
			isa = PBXTargetDependency;
			target = D3E41B6F1FB6CC94008534BF /* Novita */;
			targetProxy = D3E41B851FB6CC94008534BF /* PBXContainerItemProxy */;
		};
		D3E41B911FB6CC94008534BF /* PBXTargetDependency */ = {
			isa = PBXTargetDependency;
			target = D3E41B6F1FB6CC94008534BF /* Novita */;
			targetProxy = D3E41B901FB6CC94008534BF /* PBXContainerItemProxy */;
		};
/* End PBXTargetDependency section */

/* Begin PBXVariantGroup section */
		D3E41B7C1FB6CC94008534BF /* LaunchScreen.storyboard */ = {
			isa = PBXVariantGroup;
			children = (
				D3E41B7D1FB6CC94008534BF /* Base */,
			);
			name = LaunchScreen.storyboard;
			sourceTree = "<group>";
		};
/* End PBXVariantGroup section */

/* Begin XCBuildConfiguration section */
		D3E41B961FB6CC94008534BF /* Debug */ = {
			isa = XCBuildConfiguration;
			buildSettings = {
				ALWAYS_SEARCH_USER_PATHS = NO;
				CLANG_ANALYZER_NONNULL = YES;
				CLANG_ANALYZER_NUMBER_OBJECT_CONVERSION = YES_AGGRESSIVE;
				CLANG_CXX_LANGUAGE_STANDARD = "gnu++14";
				CLANG_CXX_LIBRARY = "libc++";
				CLANG_ENABLE_MODULES = YES;
				CLANG_ENABLE_OBJC_ARC = YES;
				CLANG_WARN_BLOCK_CAPTURE_AUTORELEASING = YES;
				CLANG_WARN_BOOL_CONVERSION = YES;
				CLANG_WARN_COMMA = YES;
				CLANG_WARN_CONSTANT_CONVERSION = YES;
				CLANG_WARN_DIRECT_OBJC_ISA_USAGE = YES_ERROR;
				CLANG_WARN_DOCUMENTATION_COMMENTS = YES;
				CLANG_WARN_EMPTY_BODY = YES;
				CLANG_WARN_ENUM_CONVERSION = YES;
				CLANG_WARN_INFINITE_RECURSION = YES;
				CLANG_WARN_INT_CONVERSION = YES;
				CLANG_WARN_NON_LITERAL_NULL_CONVERSION = YES;
				CLANG_WARN_OBJC_LITERAL_CONVERSION = YES;
				CLANG_WARN_OBJC_ROOT_CLASS = YES_ERROR;
				CLANG_WARN_RANGE_LOOP_ANALYSIS = YES;
				CLANG_WARN_STRICT_PROTOTYPES = YES;
				CLANG_WARN_SUSPICIOUS_MOVE = YES;
				CLANG_WARN_UNGUARDED_AVAILABILITY = YES_AGGRESSIVE;
				CLANG_WARN_UNREACHABLE_CODE = YES;
				CLANG_WARN__DUPLICATE_METHOD_MATCH = YES;
				CODE_SIGN_IDENTITY = "iPhone Developer";
				COPY_PHASE_STRIP = NO;
				DEBUG_INFORMATION_FORMAT = dwarf;
				ENABLE_STRICT_OBJC_MSGSEND = YES;
				ENABLE_TESTABILITY = YES;
				GCC_C_LANGUAGE_STANDARD = gnu11;
				GCC_DYNAMIC_NO_PIC = NO;
				GCC_NO_COMMON_BLOCKS = YES;
				GCC_OPTIMIZATION_LEVEL = 0;
				GCC_PREPROCESSOR_DEFINITIONS = (
					"DEBUG=1",
					"$(inherited)",
				);
				GCC_WARN_64_TO_32_BIT_CONVERSION = YES;
				GCC_WARN_ABOUT_RETURN_TYPE = YES_ERROR;
				GCC_WARN_UNDECLARED_SELECTOR = YES;
				GCC_WARN_UNINITIALIZED_AUTOS = YES_AGGRESSIVE;
				GCC_WARN_UNUSED_FUNCTION = YES;
				GCC_WARN_UNUSED_VARIABLE = YES;
				IPHONEOS_DEPLOYMENT_TARGET = 11.1;
				MTL_ENABLE_DEBUG_INFO = YES;
				ONLY_ACTIVE_ARCH = YES;
				SDKROOT = iphoneos;
				SWIFT_ACTIVE_COMPILATION_CONDITIONS = DEBUG;
				SWIFT_OPTIMIZATION_LEVEL = "-Onone";
			};
			name = Debug;
		};
		D3E41B971FB6CC94008534BF /* Release */ = {
			isa = XCBuildConfiguration;
			buildSettings = {
				ALWAYS_SEARCH_USER_PATHS = NO;
				CLANG_ANALYZER_NONNULL = YES;
				CLANG_ANALYZER_NUMBER_OBJECT_CONVERSION = YES_AGGRESSIVE;
				CLANG_CXX_LANGUAGE_STANDARD = "gnu++14";
				CLANG_CXX_LIBRARY = "libc++";
				CLANG_ENABLE_MODULES = YES;
				CLANG_ENABLE_OBJC_ARC = YES;
				CLANG_WARN_BLOCK_CAPTURE_AUTORELEASING = YES;
				CLANG_WARN_BOOL_CONVERSION = YES;
				CLANG_WARN_COMMA = YES;
				CLANG_WARN_CONSTANT_CONVERSION = YES;
				CLANG_WARN_DIRECT_OBJC_ISA_USAGE = YES_ERROR;
				CLANG_WARN_DOCUMENTATION_COMMENTS = YES;
				CLANG_WARN_EMPTY_BODY = YES;
				CLANG_WARN_ENUM_CONVERSION = YES;
				CLANG_WARN_INFINITE_RECURSION = YES;
				CLANG_WARN_INT_CONVERSION = YES;
				CLANG_WARN_NON_LITERAL_NULL_CONVERSION = YES;
				CLANG_WARN_OBJC_LITERAL_CONVERSION = YES;
				CLANG_WARN_OBJC_ROOT_CLASS = YES_ERROR;
				CLANG_WARN_RANGE_LOOP_ANALYSIS = YES;
				CLANG_WARN_STRICT_PROTOTYPES = YES;
				CLANG_WARN_SUSPICIOUS_MOVE = YES;
				CLANG_WARN_UNGUARDED_AVAILABILITY = YES_AGGRESSIVE;
				CLANG_WARN_UNREACHABLE_CODE = YES;
				CLANG_WARN__DUPLICATE_METHOD_MATCH = YES;
				CODE_SIGN_IDENTITY = "iPhone Developer";
				COPY_PHASE_STRIP = NO;
				DEBUG_INFORMATION_FORMAT = "dwarf-with-dsym";
				ENABLE_NS_ASSERTIONS = NO;
				ENABLE_STRICT_OBJC_MSGSEND = YES;
				GCC_C_LANGUAGE_STANDARD = gnu11;
				GCC_NO_COMMON_BLOCKS = YES;
				GCC_WARN_64_TO_32_BIT_CONVERSION = YES;
				GCC_WARN_ABOUT_RETURN_TYPE = YES_ERROR;
				GCC_WARN_UNDECLARED_SELECTOR = YES;
				GCC_WARN_UNINITIALIZED_AUTOS = YES_AGGRESSIVE;
				GCC_WARN_UNUSED_FUNCTION = YES;
				GCC_WARN_UNUSED_VARIABLE = YES;
				IPHONEOS_DEPLOYMENT_TARGET = 11.1;
				MTL_ENABLE_DEBUG_INFO = NO;
				SDKROOT = iphoneos;
				SWIFT_OPTIMIZATION_LEVEL = "-Owholemodule";
				VALIDATE_PRODUCT = YES;
			};
			name = Release;
		};
		D3E41B991FB6CC94008534BF /* Debug */ = {
			isa = XCBuildConfiguration;
			baseConfigurationReference = 7649D94E192639C8D0D8EA4E /* Pods-Novita.debug.xcconfig */;
			buildSettings = {
				ASSETCATALOG_COMPILER_APPICON_NAME = AppIcon;
				CODE_SIGN_STYLE = Automatic;
				DEVELOPMENT_TEAM = ALT3589ELY;
				FRAMEWORK_SEARCH_PATHS = (
					"$(inherited)",
					"$(PROJECT_DIR)/Carthage/Build/iOS",
				);
				INFOPLIST_FILE = "$(SRCROOT)/Novita/Resource/Info.plist";
				LD_RUNPATH_SEARCH_PATHS = "$(inherited) @executable_path/Frameworks";
				PRODUCT_BUNDLE_IDENTIFIER = jp.c8112002.Novita;
				PRODUCT_NAME = "$(TARGET_NAME)";
				SWIFT_VERSION = 4.0;
				TARGETED_DEVICE_FAMILY = 1;
			};
			name = Debug;
		};
		D3E41B9A1FB6CC94008534BF /* Release */ = {
			isa = XCBuildConfiguration;
			baseConfigurationReference = 831E5E831DAE4D4DD297AEBE /* Pods-Novita.release.xcconfig */;
			buildSettings = {
				ASSETCATALOG_COMPILER_APPICON_NAME = AppIcon;
				CODE_SIGN_STYLE = Automatic;
				DEVELOPMENT_TEAM = ALT3589ELY;
				FRAMEWORK_SEARCH_PATHS = (
					"$(inherited)",
					"$(PROJECT_DIR)/Carthage/Build/iOS",
				);
				INFOPLIST_FILE = "$(SRCROOT)/Novita/Resource/Info.plist";
				LD_RUNPATH_SEARCH_PATHS = "$(inherited) @executable_path/Frameworks";
				PRODUCT_BUNDLE_IDENTIFIER = jp.c8112002.Novita;
				PRODUCT_NAME = "$(TARGET_NAME)";
				SWIFT_VERSION = 4.0;
				TARGETED_DEVICE_FAMILY = 1;
			};
			name = Release;
		};
		D3E41B9C1FB6CC94008534BF /* Debug */ = {
			isa = XCBuildConfiguration;
			baseConfigurationReference = BBC7961852BDAF59AE872B71 /* Pods-NovitaTests.debug.xcconfig */;
			buildSettings = {
				ALWAYS_EMBED_SWIFT_STANDARD_LIBRARIES = YES;
				BUNDLE_LOADER = "$(TEST_HOST)";
				CODE_SIGN_STYLE = Automatic;
				INFOPLIST_FILE = NovitaTests/Info.plist;
				LD_RUNPATH_SEARCH_PATHS = "$(inherited) @executable_path/Frameworks @loader_path/Frameworks";
				PRODUCT_BUNDLE_IDENTIFIER = jp.c8112002.NovitaTests;
				PRODUCT_NAME = "$(TARGET_NAME)";
				SWIFT_VERSION = 4.0;
				TARGETED_DEVICE_FAMILY = "1,2";
				TEST_HOST = "$(BUILT_PRODUCTS_DIR)/Novita.app/Novita";
			};
			name = Debug;
		};
		D3E41B9D1FB6CC94008534BF /* Release */ = {
			isa = XCBuildConfiguration;
			baseConfigurationReference = 185EA9933841CD2C6055BFD6 /* Pods-NovitaTests.release.xcconfig */;
			buildSettings = {
				ALWAYS_EMBED_SWIFT_STANDARD_LIBRARIES = YES;
				BUNDLE_LOADER = "$(TEST_HOST)";
				CODE_SIGN_STYLE = Automatic;
				INFOPLIST_FILE = NovitaTests/Info.plist;
				LD_RUNPATH_SEARCH_PATHS = "$(inherited) @executable_path/Frameworks @loader_path/Frameworks";
				PRODUCT_BUNDLE_IDENTIFIER = jp.c8112002.NovitaTests;
				PRODUCT_NAME = "$(TARGET_NAME)";
				SWIFT_VERSION = 4.0;
				TARGETED_DEVICE_FAMILY = "1,2";
				TEST_HOST = "$(BUILT_PRODUCTS_DIR)/Novita.app/Novita";
			};
			name = Release;
		};
		D3E41B9F1FB6CC94008534BF /* Debug */ = {
			isa = XCBuildConfiguration;
			baseConfigurationReference = 7D5B9EECA08A6CBDE6D64AF5 /* Pods-NovitaUITests.debug.xcconfig */;
			buildSettings = {
				ALWAYS_EMBED_SWIFT_STANDARD_LIBRARIES = YES;
				CODE_SIGN_STYLE = Automatic;
				INFOPLIST_FILE = NovitaUITests/Info.plist;
				LD_RUNPATH_SEARCH_PATHS = "$(inherited) @executable_path/Frameworks @loader_path/Frameworks";
				PRODUCT_BUNDLE_IDENTIFIER = jp.c8112002.NovitaUITests;
				PRODUCT_NAME = "$(TARGET_NAME)";
				SWIFT_VERSION = 4.0;
				TARGETED_DEVICE_FAMILY = "1,2";
				TEST_TARGET_NAME = Novita;
			};
			name = Debug;
		};
		D3E41BA01FB6CC94008534BF /* Release */ = {
			isa = XCBuildConfiguration;
			baseConfigurationReference = ADAFC399BD074A94C05A4668 /* Pods-NovitaUITests.release.xcconfig */;
			buildSettings = {
				ALWAYS_EMBED_SWIFT_STANDARD_LIBRARIES = YES;
				CODE_SIGN_STYLE = Automatic;
				INFOPLIST_FILE = NovitaUITests/Info.plist;
				LD_RUNPATH_SEARCH_PATHS = "$(inherited) @executable_path/Frameworks @loader_path/Frameworks";
				PRODUCT_BUNDLE_IDENTIFIER = jp.c8112002.NovitaUITests;
				PRODUCT_NAME = "$(TARGET_NAME)";
				SWIFT_VERSION = 4.0;
				TARGETED_DEVICE_FAMILY = "1,2";
				TEST_TARGET_NAME = Novita;
			};
			name = Release;
		};
/* End XCBuildConfiguration section */

/* Begin XCConfigurationList section */
		D3E41B6B1FB6CC94008534BF /* Build configuration list for PBXProject "Novita" */ = {
			isa = XCConfigurationList;
			buildConfigurations = (
				D3E41B961FB6CC94008534BF /* Debug */,
				D3E41B971FB6CC94008534BF /* Release */,
			);
			defaultConfigurationIsVisible = 0;
			defaultConfigurationName = Release;
		};
		D3E41B981FB6CC94008534BF /* Build configuration list for PBXNativeTarget "Novita" */ = {
			isa = XCConfigurationList;
			buildConfigurations = (
				D3E41B991FB6CC94008534BF /* Debug */,
				D3E41B9A1FB6CC94008534BF /* Release */,
			);
			defaultConfigurationIsVisible = 0;
			defaultConfigurationName = Release;
		};
		D3E41B9B1FB6CC94008534BF /* Build configuration list for PBXNativeTarget "NovitaTests" */ = {
			isa = XCConfigurationList;
			buildConfigurations = (
				D3E41B9C1FB6CC94008534BF /* Debug */,
				D3E41B9D1FB6CC94008534BF /* Release */,
			);
			defaultConfigurationIsVisible = 0;
			defaultConfigurationName = Release;
		};
		D3E41B9E1FB6CC94008534BF /* Build configuration list for PBXNativeTarget "NovitaUITests" */ = {
			isa = XCConfigurationList;
			buildConfigurations = (
				D3E41B9F1FB6CC94008534BF /* Debug */,
				D3E41BA01FB6CC94008534BF /* Release */,
			);
			defaultConfigurationIsVisible = 0;
			defaultConfigurationName = Release;
		};
/* End XCConfigurationList section */
	};
	rootObject = D3E41B681FB6CC94008534BF /* Project object */;
}
